
Microsoft Visual Studio Solution File, Format Version 12.00
# Visual Studio Version 17
VisualStudioVersion = 17.12.35527.113
MinimumVisualStudioVersion = 10.0.40219.1
Project("{FAE04EC0-301F-11D3-BF4B-00C04F79EFBC}") = "OpenglTestConsole", "OpenglTestConsole\OpenglTestConsole.csproj", "{3BCAB5A2-51BA-461C-8E4A-68BA91E59550}"
EndProject
Project("{FAE04EC0-301F-11D3-BF4B-00C04F79EFBC}") = "ResourcesClassGenerator", "ResourcesClassGenerator\ResourcesClassGenerator.csproj", "{6E66A4E7-706B-4D21-B796-002ED8F266AA}"
EndProject
Project("{2150E333-8FDC-42A3-9474-1A3956D46DE8}") = "Solution Items", "Solution Items", "{CCABDABB-F013-40B9-B997-5EDBDB5B992E}"
	ProjectSection(SolutionItems) = preProject
		GenerateAGFiles.bat = GenerateAGFiles.bat
	EndProjectSection
EndProject
Project("{FAE04EC0-301F-11D3-BF4B-00C04F79EFBC}") = "RGL", "RGL\RGL.csproj", "{70B9E220-84DF-44E8-AB05-EBDAC9EA55F7}"
EndProject
Global
	GlobalSection(SolutionConfigurationPlatforms) = preSolution
		Debug|Any CPU = Debug|Any CPU
		Release|Any CPU = Release|Any CPU
	EndGlobalSection
	GlobalSection(ProjectConfigurationPlatforms) = postSolution
		{3BCAB5A2-51BA-461C-8E4A-68BA91E59550}.Debug|Any CPU.ActiveCfg = Debug|Any CPU
		{3BCAB5A2-51BA-461C-8E4A-68BA91E59550}.Debug|Any CPU.Build.0 = Debug|Any CPU
		{3BCAB5A2-51BA-461C-8E4A-68BA91E59550}.Release|Any CPU.ActiveCfg = Release|Any CPU
		{3BCAB5A2-51BA-461C-8E4A-68BA91E59550}.Release|Any CPU.Build.0 = Release|Any CPU
		{6E66A4E7-706B-4D21-B796-002ED8F266AA}.Debug|Any CPU.ActiveCfg = Debug|Any CPU
		{6E66A4E7-706B-4D21-B796-002ED8F266AA}.Debug|Any CPU.Build.0 = Debug|Any CPU
		{6E66A4E7-706B-4D21-B796-002ED8F266AA}.Release|Any CPU.ActiveCfg = Release|Any CPU
		{6E66A4E7-706B-4D21-B796-002ED8F266AA}.Release|Any CPU.Build.0 = Release|Any CPU
		{70B9E220-84DF-44E8-AB05-EBDAC9EA55F7}.Debug|Any CPU.ActiveCfg = Debug|Any CPU
		{70B9E220-84DF-44E8-AB05-EBDAC9EA55F7}.Debug|Any CPU.Build.0 = Debug|Any CPU
		{70B9E220-84DF-44E8-AB05-EBDAC9EA55F7}.Release|Any CPU.ActiveCfg = Release|Any CPU
		{70B9E220-84DF-44E8-AB05-EBDAC9EA55F7}.Release|Any CPU.Build.0 = Release|Any CPU
	EndGlobalSection
	GlobalSection(SolutionProperties) = preSolution
		HideSolutionNode = FALSE
	EndGlobalSection
EndGlobal
